// !$*UTF8*$!
{
	archiveVersion = 1;
	classes = {
	};
	objectVersion = 56;
	objects = {

/* Begin PBXBuildFile section */
		3A2CBE67294AB00E007C77E7 /* Constants.swift in Sources */ = {isa = PBXBuildFile; fileRef = 3A2CBE66294AB00E007C77E7 /* Constants.swift */; };
		3A3A7E6C2941587B0060680B /* FlockingBirdsApp.swift in Sources */ = {isa = PBXBuildFile; fileRef = 3A3A7E6B2941587B0060680B /* FlockingBirdsApp.swift */; };
		3A3A7E6E2941587B0060680B /* ContentView.swift in Sources */ = {isa = PBXBuildFile; fileRef = 3A3A7E6D2941587B0060680B /* ContentView.swift */; };
		3A3A7E702941587B0060680B /* Assets.xcassets in Resources */ = {isa = PBXBuildFile; fileRef = 3A3A7E6F2941587B0060680B /* Assets.xcassets */; };
		3A3A7E732941587B0060680B /* Preview Assets.xcassets in Resources */ = {isa = PBXBuildFile; fileRef = 3A3A7E722941587B0060680B /* Preview Assets.xcassets */; };
		3A3A7E7D2941587C0060680B /* FlockingBirdsTests.swift in Sources */ = {isa = PBXBuildFile; fileRef = 3A3A7E7C2941587C0060680B /* FlockingBirdsTests.swift */; };
		3A3A7E872941587C0060680B /* FlockingBirdsUITests.swift in Sources */ = {isa = PBXBuildFile; fileRef = 3A3A7E862941587C0060680B /* FlockingBirdsUITests.swift */; };
		3A3A7E892941587C0060680B /* FlockingBirdsUITestsLaunchTests.swift in Sources */ = {isa = PBXBuildFile; fileRef = 3A3A7E882941587C0060680B /* FlockingBirdsUITestsLaunchTests.swift */; };
		3A3A7E9629415BA90060680B /* Bird.swift in Sources */ = {isa = PBXBuildFile; fileRef = 3A3A7E9529415BA90060680B /* Bird.swift */; };
		3A3A7E9829415BCB0060680B /* SimulationController.swift in Sources */ = {isa = PBXBuildFile; fileRef = 3A3A7E9729415BCB0060680B /* SimulationController.swift */; };
		3A3A7E9C2942A6350060680B /* Behaviors.swift in Sources */ = {isa = PBXBuildFile; fileRef = 3A3A7E9B2942A6350060680B /* Behaviors.swift */; };
		3A3A7E9E2942D9000060680B /* Settings.swift in Sources */ = {isa = PBXBuildFile; fileRef = 3A3A7E9D2942D9000060680B /* Settings.swift */; };
		3A5E11C729441F84007C8AE3 /* BottomBar.swift in Sources */ = {isa = PBXBuildFile; fileRef = 3A5E11C629441F84007C8AE3 /* BottomBar.swift */; };
		3A5E11C929442CFC007C8AE3 /* Trail.swift in Sources */ = {isa = PBXBuildFile; fileRef = 3A5E11C829442CFC007C8AE3 /* Trail.swift */; };
		3A5E11CE2944F143007C8AE3 /* BehaviourModifier.swift in Sources */ = {isa = PBXBuildFile; fileRef = 3A5E11CD2944F143007C8AE3 /* BehaviourModifier.swift */; };
		3A5E11D02944FBF2007C8AE3 /* BehaviourValueDisplay.swift in Sources */ = {isa = PBXBuildFile; fileRef = 3A5E11CF2944FBF2007C8AE3 /* BehaviourValueDisplay.swift */; };
		3AADAD062945A74F00A361C6 /* SwiftUIView.swift in Sources */ = {isa = PBXBuildFile; fileRef = 3AADAD052945A74F00A361C6 /* SwiftUIView.swift */; };
/* End PBXBuildFile section */

/* Begin PBXContainerItemProxy section */
		3A3A7E792941587C0060680B /* PBXContainerItemProxy */ = {
			isa = PBXContainerItemProxy;
			containerPortal = 3A3A7E602941587B0060680B /* Project object */;
			proxyType = 1;
			remoteGlobalIDString = 3A3A7E672941587B0060680B;
			remoteInfo = FlockingBirds;
		};
		3A3A7E832941587C0060680B /* PBXContainerItemProxy */ = {
			isa = PBXContainerItemProxy;
			containerPortal = 3A3A7E602941587B0060680B /* Project object */;
			proxyType = 1;
			remoteGlobalIDString = 3A3A7E672941587B0060680B;
			remoteInfo = FlockingBirds;
		};
/* End PBXContainerItemProxy section */

/* Begin PBXFileReference section */
		3A2CBE66294AB00E007C77E7 /* Constants.swift */ = {isa = PBXFileReference; lastKnownFileType = sourcecode.swift; path = Constants.swift; sourceTree = "<group>"; };
		3A3A7E682941587B0060680B /* FlockingBirds.app */ = {isa = PBXFileReference; explicitFileType = wrapper.application; includeInIndex = 0; path = FlockingBirds.app; sourceTree = BUILT_PRODUCTS_DIR; };
		3A3A7E6B2941587B0060680B /* FlockingBirdsApp.swift */ = {isa = PBXFileReference; lastKnownFileType = sourcecode.swift; path = FlockingBirdsApp.swift; sourceTree = "<group>"; };
		3A3A7E6D2941587B0060680B /* ContentView.swift */ = {isa = PBXFileReference; lastKnownFileType = sourcecode.swift; path = ContentView.swift; sourceTree = "<group>"; };
		3A3A7E6F2941587B0060680B /* Assets.xcassets */ = {isa = PBXFileReference; lastKnownFileType = folder.assetcatalog; path = Assets.xcassets; sourceTree = "<group>"; };
		3A3A7E722941587B0060680B /* Preview Assets.xcassets */ = {isa = PBXFileReference; lastKnownFileType = folder.assetcatalog; path = "Preview Assets.xcassets"; sourceTree = "<group>"; };
		3A3A7E782941587C0060680B /* FlockingBirdsTests.xctest */ = {isa = PBXFileReference; explicitFileType = wrapper.cfbundle; includeInIndex = 0; path = FlockingBirdsTests.xctest; sourceTree = BUILT_PRODUCTS_DIR; };
		3A3A7E7C2941587C0060680B /* FlockingBirdsTests.swift */ = {isa = PBXFileReference; lastKnownFileType = sourcecode.swift; path = FlockingBirdsTests.swift; sourceTree = "<group>"; };
		3A3A7E822941587C0060680B /* FlockingBirdsUITests.xctest */ = {isa = PBXFileReference; explicitFileType = wrapper.cfbundle; includeInIndex = 0; path = FlockingBirdsUITests.xctest; sourceTree = BUILT_PRODUCTS_DIR; };
		3A3A7E862941587C0060680B /* FlockingBirdsUITests.swift */ = {isa = PBXFileReference; lastKnownFileType = sourcecode.swift; path = FlockingBirdsUITests.swift; sourceTree = "<group>"; };
		3A3A7E882941587C0060680B /* FlockingBirdsUITestsLaunchTests.swift */ = {isa = PBXFileReference; lastKnownFileType = sourcecode.swift; path = FlockingBirdsUITestsLaunchTests.swift; sourceTree = "<group>"; };
		3A3A7E9529415BA90060680B /* Bird.swift */ = {isa = PBXFileReference; lastKnownFileType = sourcecode.swift; path = Bird.swift; sourceTree = "<group>"; };
		3A3A7E9729415BCB0060680B /* SimulationController.swift */ = {isa = PBXFileReference; lastKnownFileType = sourcecode.swift; path = SimulationController.swift; sourceTree = "<group>"; };
		3A3A7E9B2942A6350060680B /* Behaviors.swift */ = {isa = PBXFileReference; lastKnownFileType = sourcecode.swift; path = Behaviors.swift; sourceTree = "<group>"; };
		3A3A7E9D2942D9000060680B /* Settings.swift */ = {isa = PBXFileReference; lastKnownFileType = sourcecode.swift; path = Settings.swift; sourceTree = "<group>"; };
		3A5E11C629441F84007C8AE3 /* BottomBar.swift */ = {isa = PBXFileReference; lastKnownFileType = sourcecode.swift; path = BottomBar.swift; sourceTree = "<group>"; };
		3A5E11C829442CFC007C8AE3 /* Trail.swift */ = {isa = PBXFileReference; lastKnownFileType = sourcecode.swift; path = Trail.swift; sourceTree = "<group>"; };
		3A5E11CD2944F143007C8AE3 /* BehaviourModifier.swift */ = {isa = PBXFileReference; lastKnownFileType = sourcecode.swift; path = BehaviourModifier.swift; sourceTree = "<group>"; };
		3A5E11CF2944FBF2007C8AE3 /* BehaviourValueDisplay.swift */ = {isa = PBXFileReference; lastKnownFileType = sourcecode.swift; path = BehaviourValueDisplay.swift; sourceTree = "<group>"; };
		3AADAD052945A74F00A361C6 /* SwiftUIView.swift */ = {isa = PBXFileReference; lastKnownFileType = sourcecode.swift; path = SwiftUIView.swift; sourceTree = "<group>"; };
/* End PBXFileReference section */

/* Begin PBXFrameworksBuildPhase section */
		3A3A7E652941587B0060680B /* Frameworks */ = {
			isa = PBXFrameworksBuildPhase;
			buildActionMask = 2147483647;
			files = (
			);
			runOnlyForDeploymentPostprocessing = 0;
		};
		3A3A7E752941587C0060680B /* Frameworks */ = {
			isa = PBXFrameworksBuildPhase;
			buildActionMask = 2147483647;
			files = (
			);
			runOnlyForDeploymentPostprocessing = 0;
		};
		3A3A7E7F2941587C0060680B /* Frameworks */ = {
			isa = PBXFrameworksBuildPhase;
			buildActionMask = 2147483647;
			files = (
			);
			runOnlyForDeploymentPostprocessing = 0;
		};
/* End PBXFrameworksBuildPhase section */

/* Begin PBXGroup section */
		3A3A7E5F2941587B0060680B = {
			isa = PBXGroup;
			children = (
				3A3A7E6A2941587B0060680B /* FlockingBirds */,
				3A3A7E7B2941587C0060680B /* FlockingBirdsTests */,
				3A3A7E852941587C0060680B /* FlockingBirdsUITests */,
				3A3A7E692941587B0060680B /* Products */,
			);
			sourceTree = "<group>";
		};
		3A3A7E692941587B0060680B /* Products */ = {
			isa = PBXGroup;
			children = (
				3A3A7E682941587B0060680B /* FlockingBirds.app */,
				3A3A7E782941587C0060680B /* FlockingBirdsTests.xctest */,
				3A3A7E822941587C0060680B /* FlockingBirdsUITests.xctest */,
			);
			name = Products;
			sourceTree = "<group>";
		};
		3A3A7E6A2941587B0060680B /* FlockingBirds */ = {
			isa = PBXGroup;
			children = (
				3A2CBE66294AB00E007C77E7 /* Constants.swift */,
				3A5E11CA2944F0DC007C8AE3 /* UIutil */,
				3A3A7E6B2941587B0060680B /* FlockingBirdsApp.swift */,
				3A3A7E6D2941587B0060680B /* ContentView.swift */,
				3A3A7E6F2941587B0060680B /* Assets.xcassets */,
				3A3A7E712941587B0060680B /* Preview Content */,
				3A3A7E9529415BA90060680B /* Bird.swift */,
				3A3A7E9729415BCB0060680B /* SimulationController.swift */,
				3A3A7E9B2942A6350060680B /* Behaviors.swift */,
				3A3A7E9D2942D9000060680B /* Settings.swift */,
				3A5E11C629441F84007C8AE3 /* BottomBar.swift */,
				3A5E11C829442CFC007C8AE3 /* Trail.swift */,
			);
			path = FlockingBirds;
			sourceTree = "<group>";
		};
		3A3A7E712941587B0060680B /* Preview Content */ = {
			isa = PBXGroup;
			children = (
				3A3A7E722941587B0060680B /* Preview Assets.xcassets */,
			);
			path = "Preview Content";
			sourceTree = "<group>";
		};
		3A3A7E7B2941587C0060680B /* FlockingBirdsTests */ = {
			isa = PBXGroup;
			children = (
				3A3A7E7C2941587C0060680B /* FlockingBirdsTests.swift */,
			);
			path = FlockingBirdsTests;
			sourceTree = "<group>";
		};
		3A3A7E852941587C0060680B /* FlockingBirdsUITests */ = {
			isa = PBXGroup;
			children = (
				3A3A7E862941587C0060680B /* FlockingBirdsUITests.swift */,
				3A3A7E882941587C0060680B /* FlockingBirdsUITestsLaunchTests.swift */,
			);
			path = FlockingBirdsUITests;
			sourceTree = "<group>";
		};
		3A5E11CA2944F0DC007C8AE3 /* UIutil */ = {
			isa = PBXGroup;
			children = (
				3A5E11CD2944F143007C8AE3 /* BehaviourModifier.swift */,
				3A5E11CF2944FBF2007C8AE3 /* BehaviourValueDisplay.swift */,
				3AADAD052945A74F00A361C6 /* SwiftUIView.swift */,
			);
			path = UIutil;
			sourceTree = "<group>";
		};
/* End PBXGroup section */

/* Begin PBXNativeTarget section */
		3A3A7E672941587B0060680B /* FlockingBirds */ = {
			isa = PBXNativeTarget;
			buildConfigurationList = 3A3A7E8C2941587C0060680B /* Build configuration list for PBXNativeTarget "FlockingBirds" */;
			buildPhases = (
				3A3A7E642941587B0060680B /* Sources */,
				3A3A7E652941587B0060680B /* Frameworks */,
				3A3A7E662941587B0060680B /* Resources */,
			);
			buildRules = (
			);
			dependencies = (
			);
			name = FlockingBirds;
			packageProductDependencies = (
			);
			productName = FlockingBirds;
			productReference = 3A3A7E682941587B0060680B /* FlockingBirds.app */;
			productType = "com.apple.product-type.application";
		};
		3A3A7E772941587C0060680B /* FlockingBirdsTests */ = {
			isa = PBXNativeTarget;
			buildConfigurationList = 3A3A7E8F2941587C0060680B /* Build configuration list for PBXNativeTarget "FlockingBirdsTests" */;
			buildPhases = (
				3A3A7E742941587C0060680B /* Sources */,
				3A3A7E752941587C0060680B /* Frameworks */,
				3A3A7E762941587C0060680B /* Resources */,
			);
			buildRules = (
			);
			dependencies = (
				3A3A7E7A2941587C0060680B /* PBXTargetDependency */,
			);
			name = FlockingBirdsTests;
			productName = FlockingBirdsTests;
			productReference = 3A3A7E782941587C0060680B /* FlockingBirdsTests.xctest */;
			productType = "com.apple.product-type.bundle.unit-test";
		};
		3A3A7E812941587C0060680B /* FlockingBirdsUITests */ = {
			isa = PBXNativeTarget;
			buildConfigurationList = 3A3A7E922941587C0060680B /* Build configuration list for PBXNativeTarget "FlockingBirdsUITests" */;
			buildPhases = (
				3A3A7E7E2941587C0060680B /* Sources */,
				3A3A7E7F2941587C0060680B /* Frameworks */,
				3A3A7E802941587C0060680B /* Resources */,
			);
			buildRules = (
			);
			dependencies = (
				3A3A7E842941587C0060680B /* PBXTargetDependency */,
			);
			name = FlockingBirdsUITests;
			productName = FlockingBirdsUITests;
			productReference = 3A3A7E822941587C0060680B /* FlockingBirdsUITests.xctest */;
			productType = "com.apple.product-type.bundle.ui-testing";
		};
/* End PBXNativeTarget section */

/* Begin PBXProject section */
		3A3A7E602941587B0060680B /* Project object */ = {
			isa = PBXProject;
			attributes = {
				BuildIndependentTargetsInParallel = 1;
				LastSwiftUpdateCheck = 1410;
				LastUpgradeCheck = 1410;
				TargetAttributes = {
					3A3A7E672941587B0060680B = {
						CreatedOnToolsVersion = 14.1;
					};
					3A3A7E772941587C0060680B = {
						CreatedOnToolsVersion = 14.1;
						TestTargetID = 3A3A7E672941587B0060680B;
					};
					3A3A7E812941587C0060680B = {
						CreatedOnToolsVersion = 14.1;
						TestTargetID = 3A3A7E672941587B0060680B;
					};
				};
			};
			buildConfigurationList = 3A3A7E632941587B0060680B /* Build configuration list for PBXProject "FlockingBirds" */;
			compatibilityVersion = "Xcode 14.0";
			developmentRegion = en;
			hasScannedForEncodings = 0;
			knownRegions = (
				en,
				Base,
			);
			mainGroup = 3A3A7E5F2941587B0060680B;
			packageReferences = (
				3A2CBE63294A96E3007C77E7 /* XCRemoteSwiftPackageReference "KDTree" */,
			);
			productRefGroup = 3A3A7E692941587B0060680B /* Products */;
			projectDirPath = "";
			projectRoot = "";
			targets = (
				3A3A7E672941587B0060680B /* FlockingBirds */,
				3A3A7E772941587C0060680B /* FlockingBirdsTests */,
				3A3A7E812941587C0060680B /* FlockingBirdsUITests */,
			);
		};
/* End PBXProject section */

/* Begin PBXResourcesBuildPhase section */
		3A3A7E662941587B0060680B /* Resources */ = {
			isa = PBXResourcesBuildPhase;
			buildActionMask = 2147483647;
			files = (
				3A3A7E732941587B0060680B /* Preview Assets.xcassets in Resources */,
				3A3A7E702941587B0060680B /* Assets.xcassets in Resources */,
			);
			runOnlyForDeploymentPostprocessing = 0;
		};
		3A3A7E762941587C0060680B /* Resources */ = {
			isa = PBXResourcesBuildPhase;
			buildActionMask = 2147483647;
			files = (
			);
			runOnlyForDeploymentPostprocessing = 0;
		};
		3A3A7E802941587C0060680B /* Resources */ = {
			isa = PBXResourcesBuildPhase;
			buildActionMask = 2147483647;
			files = (
			);
			runOnlyForDeploymentPostprocessing = 0;
		};
/* End PBXResourcesBuildPhase section */

/* Begin PBXSourcesBuildPhase section */
		3A3A7E642941587B0060680B /* Sources */ = {
			isa = PBXSourcesBuildPhase;
			buildActionMask = 2147483647;
			files = (
				3A3A7E6E2941587B0060680B /* ContentView.swift in Sources */,
				3AADAD062945A74F00A361C6 /* SwiftUIView.swift in Sources */,
				3A5E11CE2944F143007C8AE3 /* BehaviourModifier.swift in Sources */,
				3A5E11D02944FBF2007C8AE3 /* BehaviourValueDisplay.swift in Sources */,
				3A3A7E9629415BA90060680B /* Bird.swift in Sources */,
				3A3A7E9829415BCB0060680B /* SimulationController.swift in Sources */,
				3A2CBE67294AB00E007C77E7 /* Constants.swift in Sources */,
				3A5E11C929442CFC007C8AE3 /* Trail.swift in Sources */,
				3A5E11C729441F84007C8AE3 /* BottomBar.swift in Sources */,
				3A3A7E9E2942D9000060680B /* Settings.swift in Sources */,
				3A3A7E6C2941587B0060680B /* FlockingBirdsApp.swift in Sources */,
				3A3A7E9C2942A6350060680B /* Behaviors.swift in Sources */,
			);
			runOnlyForDeploymentPostprocessing = 0;
		};
		3A3A7E742941587C0060680B /* Sources */ = {
			isa = PBXSourcesBuildPhase;
			buildActionMask = 2147483647;
			files = (
				3A3A7E7D2941587C0060680B /* FlockingBirdsTests.swift in Sources */,
			);
			runOnlyForDeploymentPostprocessing = 0;
		};
		3A3A7E7E2941587C0060680B /* Sources */ = {
			isa = PBXSourcesBuildPhase;
			buildActionMask = 2147483647;
			files = (
				3A3A7E892941587C0060680B /* FlockingBirdsUITestsLaunchTests.swift in Sources */,
				3A3A7E872941587C0060680B /* FlockingBirdsUITests.swift in Sources */,
			);
			runOnlyForDeploymentPostprocessing = 0;
		};
/* End PBXSourcesBuildPhase section */

/* Begin PBXTargetDependency section */
		3A3A7E7A2941587C0060680B /* PBXTargetDependency */ = {
			isa = PBXTargetDependency;
			target = 3A3A7E672941587B0060680B /* FlockingBirds */;
			targetProxy = 3A3A7E792941587C0060680B /* PBXContainerItemProxy */;
		};
		3A3A7E842941587C0060680B /* PBXTargetDependency */ = {
			isa = PBXTargetDependency;
			target = 3A3A7E672941587B0060680B /* FlockingBirds */;
			targetProxy = 3A3A7E832941587C0060680B /* PBXContainerItemProxy */;
		};
/* End PBXTargetDependency section */

/* Begin XCBuildConfiguration section */
		3A3A7E8A2941587C0060680B /* Debug */ = {
			isa = XCBuildConfiguration;
			buildSettings = {
				ALWAYS_SEARCH_USER_PATHS = NO;
				CLANG_ANALYZER_NONNULL = YES;
				CLANG_ANALYZER_NUMBER_OBJECT_CONVERSION = YES_AGGRESSIVE;
				CLANG_CXX_LANGUAGE_STANDARD = "gnu++20";
				CLANG_ENABLE_MODULES = YES;
				CLANG_ENABLE_OBJC_ARC = YES;
				CLANG_ENABLE_OBJC_WEAK = YES;
				CLANG_WARN_BLOCK_CAPTURE_AUTORELEASING = YES;
				CLANG_WARN_BOOL_CONVERSION = YES;
				CLANG_WARN_COMMA = YES;
				CLANG_WARN_CONSTANT_CONVERSION = YES;
				CLANG_WARN_DEPRECATED_OBJC_IMPLEMENTATIONS = YES;
				CLANG_WARN_DIRECT_OBJC_ISA_USAGE = YES_ERROR;
				CLANG_WARN_DOCUMENTATION_COMMENTS = YES;
				CLANG_WARN_EMPTY_BODY = YES;
				CLANG_WARN_ENUM_CONVERSION = YES;
				CLANG_WARN_INFINITE_RECURSION = YES;
				CLANG_WARN_INT_CONVERSION = YES;
				CLANG_WARN_NON_LITERAL_NULL_CONVERSION = YES;
				CLANG_WARN_OBJC_IMPLICIT_RETAIN_SELF = YES;
				CLANG_WARN_OBJC_LITERAL_CONVERSION = YES;
				CLANG_WARN_OBJC_ROOT_CLASS = YES_ERROR;
				CLANG_WARN_QUOTED_INCLUDE_IN_FRAMEWORK_HEADER = YES;
				CLANG_WARN_RANGE_LOOP_ANALYSIS = YES;
				CLANG_WARN_STRICT_PROTOTYPES = YES;
				CLANG_WARN_SUSPICIOUS_MOVE = YES;
				CLANG_WARN_UNGUARDED_AVAILABILITY = YES_AGGRESSIVE;
				CLANG_WARN_UNREACHABLE_CODE = YES;
				CLANG_WARN__DUPLICATE_METHOD_MATCH = YES;
				COPY_PHASE_STRIP = NO;
				DEBUG_INFORMATION_FORMAT = dwarf;
				ENABLE_STRICT_OBJC_MSGSEND = YES;
				ENABLE_TESTABILITY = YES;
				GCC_C_LANGUAGE_STANDARD = gnu11;
				GCC_DYNAMIC_NO_PIC = NO;
				GCC_NO_COMMON_BLOCKS = YES;
				GCC_OPTIMIZATION_LEVEL = 0;
				GCC_PREPROCESSOR_DEFINITIONS = (
					"DEBUG=1",
					"$(inherited)",
				);
				GCC_WARN_64_TO_32_BIT_CONVERSION = YES;
				GCC_WARN_ABOUT_RETURN_TYPE = YES_ERROR;
				GCC_WARN_UNDECLARED_SELECTOR = YES;
				GCC_WARN_UNINITIALIZED_AUTOS = YES_AGGRESSIVE;
				GCC_WARN_UNUSED_FUNCTION = YES;
				GCC_WARN_UNUSED_VARIABLE = YES;
				IPHONEOS_DEPLOYMENT_TARGET = 16.1;
				MTL_ENABLE_DEBUG_INFO = INCLUDE_SOURCE;
				MTL_FAST_MATH = YES;
				NEW_SETTING = "";
				ONLY_ACTIVE_ARCH = YES;
				SDKROOT = iphoneos;
				SWIFT_ACTIVE_COMPILATION_CONDITIONS = DEBUG;
				SWIFT_OPTIMIZATION_LEVEL = "-Onone";
			};
			name = Debug;
		};
		3A3A7E8B2941587C0060680B /* Release */ = {
			isa = XCBuildConfiguration;
			buildSettings = {
				ALWAYS_SEARCH_USER_PATHS = NO;
				CLANG_ANALYZER_NONNULL = YES;
				CLANG_ANALYZER_NUMBER_OBJECT_CONVERSION = YES_AGGRESSIVE;
				CLANG_CXX_LANGUAGE_STANDARD = "gnu++20";
				CLANG_ENABLE_MODULES = YES;
				CLANG_ENABLE_OBJC_ARC = YES;
				CLANG_ENABLE_OBJC_WEAK = YES;
				CLANG_WARN_BLOCK_CAPTURE_AUTORELEASING = YES;
				CLANG_WARN_BOOL_CONVERSION = YES;
				CLANG_WARN_COMMA = YES;
				CLANG_WARN_CONSTANT_CONVERSION = YES;
				CLANG_WARN_DEPRECATED_OBJC_IMPLEMENTATIONS = YES;
				CLANG_WARN_DIRECT_OBJC_ISA_USAGE = YES_ERROR;
				CLANG_WARN_DOCUMENTATION_COMMENTS = YES;
				CLANG_WARN_EMPTY_BODY = YES;
				CLANG_WARN_ENUM_CONVERSION = YES;
				CLANG_WARN_INFINITE_RECURSION = YES;
				CLANG_WARN_INT_CONVERSION = YES;
				CLANG_WARN_NON_LITERAL_NULL_CONVERSION = YES;
				CLANG_WARN_OBJC_IMPLICIT_RETAIN_SELF = YES;
				CLANG_WARN_OBJC_LITERAL_CONVERSION = YES;
				CLANG_WARN_OBJC_ROOT_CLASS = YES_ERROR;
				CLANG_WARN_QUOTED_INCLUDE_IN_FRAMEWORK_HEADER = YES;
				CLANG_WARN_RANGE_LOOP_ANALYSIS = YES;
				CLANG_WARN_STRICT_PROTOTYPES = YES;
				CLANG_WARN_SUSPICIOUS_MOVE = YES;
				CLANG_WARN_UNGUARDED_AVAILABILITY = YES_AGGRESSIVE;
				CLANG_WARN_UNREACHABLE_CODE = YES;
				CLANG_WARN__DUPLICATE_METHOD_MATCH = YES;
				COPY_PHASE_STRIP = NO;
				DEBUG_INFORMATION_FORMAT = "dwarf-with-dsym";
				ENABLE_NS_ASSERTIONS = NO;
				ENABLE_STRICT_OBJC_MSGSEND = YES;
				GCC_C_LANGUAGE_STANDARD = gnu11;
				GCC_NO_COMMON_BLOCKS = YES;
				GCC_WARN_64_TO_32_BIT_CONVERSION = YES;
				GCC_WARN_ABOUT_RETURN_TYPE = YES_ERROR;
				GCC_WARN_UNDECLARED_SELECTOR = YES;
				GCC_WARN_UNINITIALIZED_AUTOS = YES_AGGRESSIVE;
				GCC_WARN_UNUSED_FUNCTION = YES;
				GCC_WARN_UNUSED_VARIABLE = YES;
				IPHONEOS_DEPLOYMENT_TARGET = 16.1;
				MTL_ENABLE_DEBUG_INFO = NO;
				MTL_FAST_MATH = YES;
				NEW_SETTING = "";
				SDKROOT = iphoneos;
				SWIFT_COMPILATION_MODE = wholemodule;
				SWIFT_OPTIMIZATION_LEVEL = "-O";
				VALIDATE_PRODUCT = YES;
			};
			name = Release;
		};
		3A3A7E8D2941587C0060680B /* Debug */ = {
			isa = XCBuildConfiguration;
			buildSettings = {
				ASSETCATALOG_COMPILER_APPICON_NAME = AppIcon;
				ASSETCATALOG_COMPILER_GLOBAL_ACCENT_COLOR_NAME = AccentColor;
				CODE_SIGN_STYLE = Automatic;
				CURRENT_PROJECT_VERSION = 1;
				DEVELOPMENT_ASSET_PATHS = "\"FlockingBirds/Preview Content\"";
				DEVELOPMENT_TEAM = 429ULDR6SS;
				ENABLE_PREVIEWS = YES;
				GENERATE_INFOPLIST_FILE = YES;
				INFOPLIST_KEY_UIApplicationSceneManifest_Generation = YES;
				INFOPLIST_KEY_UIApplicationSupportsIndirectInputEvents = YES;
				INFOPLIST_KEY_UILaunchScreen_Generation = YES;
				INFOPLIST_KEY_UISupportedInterfaceOrientations_iPad = "UIInterfaceOrientationPortrait UIInterfaceOrientationPortraitUpsideDown UIInterfaceOrientationLandscapeLeft UIInterfaceOrientationLandscapeRight";
				INFOPLIST_KEY_UISupportedInterfaceOrientations_iPhone = "UIInterfaceOrientationPortrait UIInterfaceOrientationLandscapeLeft UIInterfaceOrientationLandscapeRight";
				LD_RUNPATH_SEARCH_PATHS = (
					"$(inherited)",
					"@executable_path/Frameworks",
				);
				MARKETING_VERSION = 1.0;
				PRODUCT_BUNDLE_IDENTIFIER = none.com.FlockingBirds;
				PRODUCT_NAME = "$(TARGET_NAME)";
				SWIFT_EMIT_LOC_STRINGS = YES;
				SWIFT_VERSION = 5.0;
				Swif = "";
				TARGETED_DEVICE_FAMILY = "1,2";
			};
			name = Debug;
		};
		3A3A7E8E2941587C0060680B /* Release */ = {
			isa = XCBuildConfiguration;
			buildSettings = {
				ASSETCATALOG_COMPILER_APPICON_NAME = AppIcon;
				ASSETCATALOG_COMPILER_GLOBAL_ACCENT_COLOR_NAME = AccentColor;
				CODE_SIGN_STYLE = Automatic;
				CURRENT_PROJECT_VERSION = 1;
				DEVELOPMENT_ASSET_PATHS = "\"FlockingBirds/Preview Content\"";
				DEVELOPMENT_TEAM = 429ULDR6SS;
				ENABLE_PREVIEWS = YES;
				GENERATE_INFOPLIST_FILE = YES;
				INFOPLIST_KEY_UIApplicationSceneManifest_Generation = YES;
				INFOPLIST_KEY_UIApplicationSupportsIndirectInputEvents = YES;
				INFOPLIST_KEY_UILaunchScreen_Generation = YES;
				INFOPLIST_KEY_UISupportedInterfaceOrientations_iPad = "UIInterfaceOrientationPortrait UIInterfaceOrientationPortraitUpsideDown UIInterfaceOrientationLandscapeLeft UIInterfaceOrientationLandscapeRight";
				INFOPLIST_KEY_UISupportedInterfaceOrientations_iPhone = "UIInterfaceOrientationPortrait UIInterfaceOrientationLandscapeLeft UIInterfaceOrientationLandscapeRight";
				LD_RUNPATH_SEARCH_PATHS = (
					"$(inherited)",
					"@executable_path/Frameworks",
				);
				MARKETING_VERSION = 1.0;
				PRODUCT_BUNDLE_IDENTIFIER = none.com.FlockingBirds;
				PRODUCT_NAME = "$(TARGET_NAME)";
				SWIFT_EMIT_LOC_STRINGS = YES;
				SWIFT_VERSION = 5.0;
				Swif = "";
				TARGETED_DEVICE_FAMILY = "1,2";
			};
			name = Release;
		};
		3A3A7E902941587C0060680B /* Debug */ = {
			isa = XCBuildConfiguration;
			buildSettings = {
				ALWAYS_EMBED_SWIFT_STANDARD_LIBRARIES = YES;
				BUNDLE_LOADER = "$(TEST_HOST)";
				CODE_SIGN_STYLE = Automatic;
				CURRENT_PROJECT_VERSION = 1;
				DEVELOPMENT_TEAM = 429ULDR6SS;
				GENERATE_INFOPLIST_FILE = YES;
				IPHONEOS_DEPLOYMENT_TARGET = 16.1;
				MARKETING_VERSION = 1.0;
				PRODUCT_BUNDLE_IDENTIFIER = none.com.FlockingBirdsTests;
				PRODUCT_NAME = "$(TARGET_NAME)";
				SWIFT_EMIT_LOC_STRINGS = NO;
				SWIFT_VERSION = 5.0;
				TARGETED_DEVICE_FAMILY = "1,2";
				TEST_HOST = "$(BUILT_PRODUCTS_DIR)/FlockingBirds.app/$(BUNDLE_EXECUTABLE_FOLDER_PATH)/FlockingBirds";
			};
			name = Debug;
		};
		3A3A7E912941587C0060680B /* Release */ = {
			isa = XCBuildConfiguration;
			buildSettings = {
				ALWAYS_EMBED_SWIFT_STANDARD_LIBRARIES = YES;
				BUNDLE_LOADER = "$(TEST_HOST)";
				CODE_SIGN_STYLE = Automatic;
				CURRENT_PROJECT_VERSION = 1;
				DEVELOPMENT_TEAM = 429ULDR6SS;
				GENERATE_INFOPLIST_FILE = YES;
				IPHONEOS_DEPLOYMENT_TARGET = 16.1;
				MARKETING_VERSION = 1.0;
				PRODUCT_BUNDLE_IDENTIFIER = none.com.FlockingBirdsTests;
				PRODUCT_NAME = "$(TARGET_NAME)";
				SWIFT_EMIT_LOC_STRINGS = NO;
				SWIFT_VERSION = 5.0;
				TARGETED_DEVICE_FAMILY = "1,2";
				TEST_HOST = "$(BUILT_PRODUCTS_DIR)/FlockingBirds.app/$(BUNDLE_EXECUTABLE_FOLDER_PATH)/FlockingBirds";
			};
			name = Release;
		};
		3A3A7E932941587C0060680B /* Debug */ = {
			isa = XCBuildConfiguration;
			buildSettings = {
				ALWAYS_EMBED_SWIFT_STANDARD_LIBRARIES = YES;
				CODE_SIGN_STYLE = Automatic;
				CURRENT_PROJECT_VERSION = 1;
				DEVELOPMENT_TEAM = 429ULDR6SS;
				GENERATE_INFOPLIST_FILE = YES;
				MARKETING_VERSION = 1.0;
				PRODUCT_BUNDLE_IDENTIFIER = none.com.FlockingBirdsUITests;
				PRODUCT_NAME = "$(TARGET_NAME)";
				SWIFT_EMIT_LOC_STRINGS = NO;
				SWIFT_VERSION = 5.0;
				TARGETED_DEVICE_FAMILY = "1,2";
				TEST_TARGET_NAME = FlockingBirds;
			};
			name = Debug;
		};
		3A3A7E942941587C0060680B /* Release */ = {
			isa = XCBuildConfiguration;
			buildSettings = {
				ALWAYS_EMBED_SWIFT_STANDARD_LIBRARIES = YES;
				CODE_SIGN_STYLE = Automatic;
				CURRENT_PROJECT_VERSION = 1;
				DEVELOPMENT_TEAM = 429ULDR6SS;
				GENERATE_INFOPLIST_FILE = YES;
				MARKETING_VERSION = 1.0;
				PRODUCT_BUNDLE_IDENTIFIER = none.com.FlockingBirdsUITests;
				PRODUCT_NAME = "$(TARGET_NAME)";
				SWIFT_EMIT_LOC_STRINGS = NO;
				SWIFT_VERSION = 5.0;
				TARGETED_DEVICE_FAMILY = "1,2";
				TEST_TARGET_NAME = FlockingBirds;
			};
			name = Release;
		};
/* End XCBuildConfiguration section */

/* Begin XCConfigurationList section */
		3A3A7E632941587B0060680B /* Build configuration list for PBXProject "FlockingBirds" */ = {
			isa = XCConfigurationList;
			buildConfigurations = (
				3A3A7E8A2941587C0060680B /* Debug */,
				3A3A7E8B2941587C0060680B /* Release */,
			);
			defaultConfigurationIsVisible = 0;
			defaultConfigurationName = Release;
		};
		3A3A7E8C2941587C0060680B /* Build configuration list for PBXNativeTarget "FlockingBirds" */ = {
			isa = XCConfigurationList;
			buildConfigurations = (
				3A3A7E8D2941587C0060680B /* Debug */,
				3A3A7E8E2941587C0060680B /* Release */,
			);
			defaultConfigurationIsVisible = 0;
			defaultConfigurationName = Release;
		};
		3A3A7E8F2941587C0060680B /* Build configuration list for PBXNativeTarget "FlockingBirdsTests" */ = {
			isa = XCConfigurationList;
			buildConfigurations = (
				3A3A7E902941587C0060680B /* Debug */,
				3A3A7E912941587C0060680B /* Release */,
			);
			defaultConfigurationIsVisible = 0;
			defaultConfigurationName = Release;
		};
		3A3A7E922941587C0060680B /* Build configuration list for PBXNativeTarget "FlockingBirdsUITests" */ = {
			isa = XCConfigurationList;
			buildConfigurations = (
				3A3A7E932941587C0060680B /* Debug */,
				3A3A7E942941587C0060680B /* Release */,
			);
			defaultConfigurationIsVisible = 0;
			defaultConfigurationName = Release;
		};
/* End XCConfigurationList section */

/* Begin XCRemoteSwiftPackageReference section */
		3A2CBE63294A96E3007C77E7 /* XCRemoteSwiftPackageReference "KDTree" */ = {
			isa = XCRemoteSwiftPackageReference;
			repositoryURL = "https://github.com/Bersaelor/KDTree";
			requirement = {
				kind = upToNextMajorVersion;
				minimumVersion = 1.0.0;
			};
		};
/* End XCRemoteSwiftPackageReference section */
	};
	rootObject = 3A3A7E602941587B0060680B /* Project object */;
}
